
Microsoft Visual Studio Solution File, Format Version 12.00
# Visual Studio 14
VisualStudioVersion = 14.0.25420.1
MinimumVisualStudioVersion = 10.0.40219.1
Project("{FAE04EC0-301F-11D3-BF4B-00C04F79EFBC}") = "QRCode", "QRCode\QRCode.csproj", "{F829E18D-1C72-4CD2-BC11-247EB6A06486}"
EndProject
Global
	GlobalSection(SolutionConfigurationPlatforms) = preSolution
		Debug|Any CPU = Debug|Any CPU
		Release|Any CPU = Release|Any CPU
	EndGlobalSection
	GlobalSection(ProjectConfigurationPlatforms) = postSolution
		{F829E18D-1C72-4CD2-BC11-247EB6A06486}.Debug|Any CPU.ActiveCfg = Debug|Any CPU
		{F829E18D-1C72-4CD2-BC11-247EB6A06486}.Debug|Any CPU.Build.0 = Debug|Any CPU
		{F829E18D-1C72-4CD2-BC11-247EB6A06486}.Release|Any CPU.ActiveCfg = Release|Any CPU
		{F829E18D-1C72-4CD2-BC11-247EB6A06486}.Release|Any CPU.Build.0 = Release|Any CPU
	EndGlobalSection
	GlobalSection(SolutionProperties) = preSolution
		HideSolutionNode = FALSE
	EndGlobalSection
EndGlobal
